
Microsoft Visual Studio Solution File, Format Version 12.00
# Visual Studio Version 17
VisualStudioVersion = 17.4.33103.184
MinimumVisualStudioVersion = 10.0.40219.1
Project("{8BC9CEB8-8B4A-11D0-8D11-00A0C91BC942}") = "Lab10", "Lab10\Lab10.vcxproj", "{86A0CA5C-070E-44C0-B7EB-4DDD33A3FA72}"
EndProject
Project("{8BC9CEB8-8B4A-11D0-8D11-00A0C91BC942}") = "lab10.1.2", "lab10.1.2\lab10.1.2.vcxproj", "{8DC81860-26C6-421A-95A8-07CC75A5CB89}"
EndProject
Project("{8BC9CEB8-8B4A-11D0-8D11-00A0C91BC942}") = "lab10.2", "lab10.2\lab10.2.vcxproj", "{EB11C202-F963-4DDF-B7D6-4CAB3D8C599F}"
EndProject
Project("{8BC9CEB8-8B4A-11D0-8D11-00A0C91BC942}") = "lab10.3", "lab10.3\lab10.3.vcxproj", "{E5C083FA-3EA1-4BB5-B0F4-65C8D722376C}"
EndProject
Project("{8BC9CEB8-8B4A-11D0-8D11-00A0C91BC942}") = "lab10.4", "lab10.4\lab10.4.vcxproj", "{1BEEE8D2-9F8A-428C-9BD9-310F9C043089}"
EndProject
Project("{8BC9CEB8-8B4A-11D0-8D11-00A0C91BC942}") = "lab10.5", "lab10.5\lab10.5.vcxproj", "{74ACCA20-3D3F-4D74-A3BC-99CED9099D57}"
EndProject
Global
	GlobalSection(SolutionConfigurationPlatforms) = preSolution
		Debug|x64 = Debug|x64
		Debug|x86 = Debug|x86
		Release|x64 = Release|x64
		Release|x86 = Release|x86
	EndGlobalSection
	GlobalSection(ProjectConfigurationPlatforms) = postSolution
		{86A0CA5C-070E-44C0-B7EB-4DDD33A3FA72}.Debug|x64.ActiveCfg = Debug|x64
		{86A0CA5C-070E-44C0-B7EB-4DDD33A3FA72}.Debug|x64.Build.0 = Debug|x64
		{86A0CA5C-070E-44C0-B7EB-4DDD33A3FA72}.Debug|x86.ActiveCfg = Debug|Win32
		{86A0CA5C-070E-44C0-B7EB-4DDD33A3FA72}.Debug|x86.Build.0 = Debug|Win32
		{86A0CA5C-070E-44C0-B7EB-4DDD33A3FA72}.Release|x64.ActiveCfg = Release|x64
		{86A0CA5C-070E-44C0-B7EB-4DDD33A3FA72}.Release|x64.Build.0 = Release|x64
		{86A0CA5C-070E-44C0-B7EB-4DDD33A3FA72}.Release|x86.ActiveCfg = Release|Win32
		{86A0CA5C-070E-44C0-B7EB-4DDD33A3FA72}.Release|x86.Build.0 = Release|Win32
		{8DC81860-26C6-421A-95A8-07CC75A5CB89}.Debug|x64.ActiveCfg = Debug|x64
		{8DC81860-26C6-421A-95A8-07CC75A5CB89}.Debug|x64.Build.0 = Debug|x64
		{8DC81860-26C6-421A-95A8-07CC75A5CB89}.Debug|x86.ActiveCfg = Debug|Win32
		{8DC81860-26C6-421A-95A8-07CC75A5CB89}.Debug|x86.Build.0 = Debug|Win32
		{8DC81860-26C6-421A-95A8-07CC75A5CB89}.Release|x64.ActiveCfg = Release|x64
		{8DC81860-26C6-421A-95A8-07CC75A5CB89}.Release|x64.Build.0 = Release|x64
		{8DC81860-26C6-421A-95A8-07CC75A5CB89}.Release|x86.ActiveCfg = Release|Win32
		{8DC81860-26C6-421A-95A8-07CC75A5CB89}.Release|x86.Build.0 = Release|Win32
		{EB11C202-F963-4DDF-B7D6-4CAB3D8C599F}.Debug|x64.ActiveCfg = Debug|x64
		{EB11C202-F963-4DDF-B7D6-4CAB3D8C599F}.Debug|x64.Build.0 = Debug|x64
		{EB11C202-F963-4DDF-B7D6-4CAB3D8C599F}.Debug|x86.ActiveCfg = Debug|Win32
		{EB11C202-F963-4DDF-B7D6-4CAB3D8C599F}.Debug|x86.Build.0 = Debug|Win32
		{EB11C202-F963-4DDF-B7D6-4CAB3D8C599F}.Release|x64.ActiveCfg = Release|x64
		{EB11C202-F963-4DDF-B7D6-4CAB3D8C599F}.Release|x64.Build.0 = Release|x64
		{EB11C202-F963-4DDF-B7D6-4CAB3D8C599F}.Release|x86.ActiveCfg = Release|Win32
		{EB11C202-F963-4DDF-B7D6-4CAB3D8C599F}.Release|x86.Build.0 = Release|Win32
		{E5C083FA-3EA1-4BB5-B0F4-65C8D722376C}.Debug|x64.ActiveCfg = Debug|x64
		{E5C083FA-3EA1-4BB5-B0F4-65C8D722376C}.Debug|x64.Build.0 = Debug|x64
		{E5C083FA-3EA1-4BB5-B0F4-65C8D722376C}.Debug|x86.ActiveCfg = Debug|Win32
		{E5C083FA-3EA1-4BB5-B0F4-65C8D722376C}.Debug|x86.Build.0 = Debug|Win32
		{E5C083FA-3EA1-4BB5-B0F4-65C8D722376C}.Release|x64.ActiveCfg = Release|x64
		{E5C083FA-3EA1-4BB5-B0F4-65C8D722376C}.Release|x64.Build.0 = Release|x64
		{E5C083FA-3EA1-4BB5-B0F4-65C8D722376C}.Release|x86.ActiveCfg = Release|Win32
		{E5C083FA-3EA1-4BB5-B0F4-65C8D722376C}.Release|x86.Build.0 = Release|Win32
		{1BEEE8D2-9F8A-428C-9BD9-310F9C043089}.Debug|x64.ActiveCfg = Debug|x64
		{1BEEE8D2-9F8A-428C-9BD9-310F9C043089}.Debug|x64.Build.0 = Debug|x64
		{1BEEE8D2-9F8A-428C-9BD9-310F9C043089}.Debug|x86.ActiveCfg = Debug|Win32
		{1BEEE8D2-9F8A-428C-9BD9-310F9C043089}.Debug|x86.Build.0 = Debug|Win32
		{1BEEE8D2-9F8A-428C-9BD9-310F9C043089}.Release|x64.ActiveCfg = Release|x64
		{1BEEE8D2-9F8A-428C-9BD9-310F9C043089}.Release|x64.Build.0 = Release|x64
		{1BEEE8D2-9F8A-428C-9BD9-310F9C043089}.Release|x86.ActiveCfg = Release|Win32
		{1BEEE8D2-9F8A-428C-9BD9-310F9C043089}.Release|x86.Build.0 = Release|Win32
		{74ACCA20-3D3F-4D74-A3BC-99CED9099D57}.Debug|x64.ActiveCfg = Debug|x64
		{74ACCA20-3D3F-4D74-A3BC-99CED9099D57}.Debug|x64.Build.0 = Debug|x64
		{74ACCA20-3D3F-4D74-A3BC-99CED9099D57}.Debug|x86.ActiveCfg = Debug|Win32
		{74ACCA20-3D3F-4D74-A3BC-99CED9099D57}.Debug|x86.Build.0 = Debug|Win32
		{74ACCA20-3D3F-4D74-A3BC-99CED9099D57}.Release|x64.ActiveCfg = Release|x64
		{74ACCA20-3D3F-4D74-A3BC-99CED9099D57}.Release|x64.Build.0 = Release|x64
		{74ACCA20-3D3F-4D74-A3BC-99CED9099D57}.Release|x86.ActiveCfg = Release|Win32
		{74ACCA20-3D3F-4D74-A3BC-99CED9099D57}.Release|x86.Build.0 = Release|Win32
	EndGlobalSection
	GlobalSection(SolutionProperties) = preSolution
		HideSolutionNode = FALSE
	EndGlobalSection
	GlobalSection(ExtensibilityGlobals) = postSolution
		SolutionGuid = {35CD263F-7489-4ACA-9624-0E8E653B1C52}
	EndGlobalSection
EndGlobal
